{
	"name": "@villedemontreal/demo-client-internal",
	"version": "1.0.13",
	"lockfileVersion": 2,
	"requires": true,
	"packages": {
		"": {
			"name": "@villedemontreal/demo-client-internal",
			"version": "1.0.13",
			"license": "MIT",
			"devDependencies": {
				"@types/node": "16.x",
				"typescript": "4.7.4"
			}
		},
		"node_modules/@types/node": {
			"version": "16.11.33",
			"resolved": "https://registry.npmjs.org/@types/node/-/node-16.11.33.tgz",
			"integrity": "sha512-0PJ0vg+JyU0MIan58IOIFRtSvsb7Ri+7Wltx2qAg94eMOrpg4+uuP3aUHCpxXc1i0jCXiC+zIamSZh3l9AbcQA==",
			"dev": true
		},
		"node_modules/typescript": {
			"version": "4.7.4",
			"resolved": "https://registry.npmjs.org/typescript/-/typescript-4.7.4.tgz",
			"integrity": "sha512-C0WQT0gezHuw6AdY1M2jxUO83Rjf0HP7Sk1DtXj6j1EwkQNZrHAg2XPWlq62oqEhYvONq5pkC2Y9oPljWToLmQ==",
			"dev": true,
			"bin": {
				"tsc": "bin/tsc",
				"tsserver": "bin/tsserver"
			},
			"engines": {
				"node": ">=4.2.0"
			}
		}
	},
	"dependencies": {
		"@types/node": {
			"version": "16.11.33",
			"resolved": "https://registry.npmjs.org/@types/node/-/node-16.11.33.tgz",
			"integrity": "sha512-0PJ0vg+JyU0MIan58IOIFRtSvsb7Ri+7Wltx2qAg94eMOrpg4+uuP3aUHCpxXc1i0jCXiC+zIamSZh3l9AbcQA==",
			"dev": true
		},
		"typescript": {
			"version": "4.7.4",
			"resolved": "https://registry.npmjs.org/typescript/-/typescript-4.7.4.tgz",
			"integrity": "sha512-C0WQT0gezHuw6AdY1M2jxUO83Rjf0HP7Sk1DtXj6j1EwkQNZrHAg2XPWlq62oqEhYvONq5pkC2Y9oPljWToLmQ==",
			"dev": true
		}
	}
}
